
Microsoft Visual Studio Solution File, Format Version 12.00
# Visual Studio Version 17
VisualStudioVersion = 17.1.32228.430
MinimumVisualStudioVersion = 10.0.40219.1
Project("{FAE04EC0-301F-11D3-BF4B-00C04F79EFBC}") = "MyLinq", "MyLinq\MyLinq.csproj", "{C4FE3AAD-ADE6-4748-85EF-BDEC266F4E24}"
EndProject
Project("{FAE04EC0-301F-11D3-BF4B-00C04F79EFBC}") = "MyEntityFramework", "MyEntityFramework\MyEntityFramework.csproj", "{143B2904-A731-4033-BC32-E7A3F3AE9E85}"
EndProject
Global
	GlobalSection(SolutionConfigurationPlatforms) = preSolution
		Debug|Any CPU = Debug|Any CPU
		Release|Any CPU = Release|Any CPU
	EndGlobalSection
	GlobalSection(ProjectConfigurationPlatforms) = postSolution
		{C4FE3AAD-ADE6-4748-85EF-BDEC266F4E24}.Debug|Any CPU.ActiveCfg = Debug|Any CPU
		{C4FE3AAD-ADE6-4748-85EF-BDEC266F4E24}.Debug|Any CPU.Build.0 = Debug|Any CPU
		{C4FE3AAD-ADE6-4748-85EF-BDEC266F4E24}.Release|Any CPU.ActiveCfg = Release|Any CPU
		{C4FE3AAD-ADE6-4748-85EF-BDEC266F4E24}.Release|Any CPU.Build.0 = Release|Any CPU
		{143B2904-A731-4033-BC32-E7A3F3AE9E85}.Debug|Any CPU.ActiveCfg = Debug|Any CPU
		{143B2904-A731-4033-BC32-E7A3F3AE9E85}.Debug|Any CPU.Build.0 = Debug|Any CPU
		{143B2904-A731-4033-BC32-E7A3F3AE9E85}.Release|Any CPU.ActiveCfg = Release|Any CPU
		{143B2904-A731-4033-BC32-E7A3F3AE9E85}.Release|Any CPU.Build.0 = Release|Any CPU
	EndGlobalSection
	GlobalSection(SolutionProperties) = preSolution
		HideSolutionNode = FALSE
	EndGlobalSection
	GlobalSection(ExtensibilityGlobals) = postSolution
		SolutionGuid = {D92A8032-D4BA-4EFD-A1C5-F1F682BC64C0}
	EndGlobalSection
EndGlobal
